%{
  "rustler_precompiled": {:hex, :rustler_precompiled, "0.9.0", "3a052eda09f3d2436364645cc1f13279cf95db310eb0c17b0d8f25484b233aa0", [:mix], [{:rustler, "~> 0.23", [hex: :rustler, repo: "hexpm", optional: true]}], "hexpm", "471d97315bd3bf7b64623418b3693eedd8e47de3d1cb79a0ac8f9da7d770d94c"},
  "vettore": {:hex, :vettore, "0.3.5", "61e12e3a1b63d2cd495a9e7c3746e6f9c436f4351ebe8cbf0c0b5a6ba1339dfe", [:mix], [{:rustler, "~> 0.38.0", [hex: :rustler, repo: "hexpm", optional: true]}, {:rustler_precompiled, "~> 0.9.0", [hex: :rustler_precompiled, repo: "hexpm", optional: false]}], "hexpm", "5bf623bddfd708321dd4efb92d55f65260a8fac47dcb102fb38fc17f1aa26edf"},
}
